
Microsoft Visual Studio Solution File, Format Version 12.00
# Visual Studio 15
VisualStudioVersion = 15.0.27703.2042
MinimumVisualStudioVersion = 10.0.40219.1
Project("{DA7A21FA-8162-4350-AD77-A8D1B671F3ED}") = "Tabu Search", "Tabu Search.rxproj", "{14976FEF-5788-4D12-8C45-EA8CE4797E37}"
EndProject
Global
	GlobalSection(SolutionConfigurationPlatforms) = preSolution
		Debug|Any CPU = Debug|Any CPU
		Release|Any CPU = Release|Any CPU
	EndGlobalSection
	GlobalSection(ProjectConfigurationPlatforms) = postSolution
		{14976FEF-5788-4D12-8C45-EA8CE4797E37}.Debug|Any CPU.ActiveCfg = Debug|Any CPU
		{14976FEF-5788-4D12-8C45-EA8CE4797E37}.Debug|Any CPU.Build.0 = Debug|Any CPU
		{14976FEF-5788-4D12-8C45-EA8CE4797E37}.Release|Any CPU.ActiveCfg = Debug|Any CPU
		{14976FEF-5788-4D12-8C45-EA8CE4797E37}.Release|Any CPU.Build.0 = Debug|Any CPU
	EndGlobalSection
	GlobalSection(SolutionProperties) = preSolution
		HideSolutionNode = FALSE
	EndGlobalSection
	GlobalSection(ExtensibilityGlobals) = postSolution
		SolutionGuid = {3F24E51B-DF94-41BE-BEB4-83487C80EC4C}
	EndGlobalSection
EndGlobal
